
Microsoft Visual Studio Solution File, Format Version 12.00
# Visual Studio Version 17
VisualStudioVersion = 17.11.35327.3
MinimumVisualStudioVersion = 10.0.40219.1
Project("{FAE04EC0-301F-11D3-BF4B-00C04F79EFBC}") = "ArabaCar", "ArabaCar\ArabaCar.csproj", "{FEF4C41E-2FFC-489F-B9AF-2D43F656EDD5}"
EndProject
Global
	GlobalSection(SolutionConfigurationPlatforms) = preSolution
		Debug|Any CPU = Debug|Any CPU
		Release|Any CPU = Release|Any CPU
	EndGlobalSection
	GlobalSection(ProjectConfigurationPlatforms) = postSolution
		{FEF4C41E-2FFC-489F-B9AF-2D43F656EDD5}.Debug|Any CPU.ActiveCfg = Debug|Any CPU
		{FEF4C41E-2FFC-489F-B9AF-2D43F656EDD5}.Debug|Any CPU.Build.0 = Debug|Any CPU
		{FEF4C41E-2FFC-489F-B9AF-2D43F656EDD5}.Release|Any CPU.ActiveCfg = Release|Any CPU
		{FEF4C41E-2FFC-489F-B9AF-2D43F656EDD5}.Release|Any CPU.Build.0 = Release|Any CPU
	EndGlobalSection
	GlobalSection(SolutionProperties) = preSolution
		HideSolutionNode = FALSE
	EndGlobalSection
	GlobalSection(ExtensibilityGlobals) = postSolution
		SolutionGuid = {46F49427-1756-4B37-9675-E7F174536C76}
	EndGlobalSection
EndGlobal
